
Microsoft Visual Studio Solution File, Format Version 12.00
# Visual Studio Version 16
VisualStudioVersion = 16.0.31729.503
MinimumVisualStudioVersion = 10.0.40219.1
Project("{9A19103F-16F7-4668-BE54-9A1E7A4F7556}") = "LessonsOfSecondQuarter", "LessonsOfSecondQuarter\LessonsOfSecondQuarter.csproj", "{D4FAFEFC-70E8-4B89-A9DD-EB64359622AC}"
EndProject
Project("{2150E333-8FDC-42A3-9474-1A3956D46DE8}") = "Solution Items", "Solution Items", "{C3283BE4-DA1F-4229-8E8D-35807D214114}"
EndProject
Global
	GlobalSection(SolutionConfigurationPlatforms) = preSolution
		Debug|Any CPU = Debug|Any CPU
		Release|Any CPU = Release|Any CPU
	EndGlobalSection
	GlobalSection(ProjectConfigurationPlatforms) = postSolution
		{D4FAFEFC-70E8-4B89-A9DD-EB64359622AC}.Debug|Any CPU.ActiveCfg = Debug|Any CPU
		{D4FAFEFC-70E8-4B89-A9DD-EB64359622AC}.Debug|Any CPU.Build.0 = Debug|Any CPU
		{D4FAFEFC-70E8-4B89-A9DD-EB64359622AC}.Release|Any CPU.ActiveCfg = Release|Any CPU
		{D4FAFEFC-70E8-4B89-A9DD-EB64359622AC}.Release|Any CPU.Build.0 = Release|Any CPU
	EndGlobalSection
	GlobalSection(SolutionProperties) = preSolution
		HideSolutionNode = FALSE
	EndGlobalSection
	GlobalSection(ExtensibilityGlobals) = postSolution
		SolutionGuid = {17D6AA7E-C309-4509-8C65-317EC7F54E02}
	EndGlobalSection
EndGlobal
